// !$*UTF8*$!
{
	archiveVersion = 1;
	classes = {
	};
	objectVersion = 56;
	objects = {

/* Begin PBXBuildFile section */
		3485664D2B5426A4008EF4DD /* dist in CopyFiles */ = {isa = PBXBuildFile; fileRef = 3485664C2B5426A4008EF4DD /* dist */; };
		3487D3492BC85E5B007C6D7C /* ContentView.swift in Sources */ = {isa = PBXBuildFile; fileRef = 3487D3482BC85E5B007C6D7C /* ContentView.swift */; };
		34CD17F62B45C5400015EF4C /* NiiVueApp.swift in Sources */ = {isa = PBXBuildFile; fileRef = 34CD17F52B45C5400015EF4C /* NiiVueApp.swift */; };
		34CD17FA2B45C5410015EF4C /* Assets.xcassets in Resources */ = {isa = PBXBuildFile; fileRef = 34CD17F92B45C5410015EF4C /* Assets.xcassets */; };
		34CD17FD2B45C5410015EF4C /* Preview Assets.xcassets in Resources */ = {isa = PBXBuildFile; fileRef = 34CD17FC2B45C5410015EF4C /* Preview Assets.xcassets */; };
		34CD18072B45C5420015EF4C /* NiiVueTests.swift in Sources */ = {isa = PBXBuildFile; fileRef = 34CD18062B45C5420015EF4C /* NiiVueTests.swift */; };
		34CD18112B45C5420015EF4C /* NiiVueUITests.swift in Sources */ = {isa = PBXBuildFile; fileRef = 34CD18102B45C5420015EF4C /* NiiVueUITests.swift */; };
		34CD18132B45C5420015EF4C /* NiiVueUITestsLaunchTests.swift in Sources */ = {isa = PBXBuildFile; fileRef = 34CD18122B45C5420015EF4C /* NiiVueUITestsLaunchTests.swift */; };
/* End PBXBuildFile section */

/* Begin PBXContainerItemProxy section */
		34CD18032B45C5420015EF4C /* PBXContainerItemProxy */ = {
			isa = PBXContainerItemProxy;
			containerPortal = 34CD17EA2B45C5400015EF4C /* Project object */;
			proxyType = 1;
			remoteGlobalIDString = 34CD17F12B45C5400015EF4C;
			remoteInfo = NiiVue;
		};
		34CD180D2B45C5420015EF4C /* PBXContainerItemProxy */ = {
			isa = PBXContainerItemProxy;
			containerPortal = 34CD17EA2B45C5400015EF4C /* Project object */;
			proxyType = 1;
			remoteGlobalIDString = 34CD17F12B45C5400015EF4C;
			remoteInfo = NiiVue;
		};
/* End PBXContainerItemProxy section */

/* Begin PBXCopyFilesBuildPhase section */
		348566422B51A6E7008EF4DD /* CopyFiles */ = {
			isa = PBXCopyFilesBuildPhase;
			buildActionMask = 2147483647;
			dstPath = "";
			dstSubfolderSpec = 7;
			files = (
				3485664D2B5426A4008EF4DD /* dist in CopyFiles */,
			);
			runOnlyForDeploymentPostprocessing = 0;
		};
/* End PBXCopyFilesBuildPhase section */

/* Begin PBXFileReference section */
		348566462B51C95C008EF4DD /* dist */ = {isa = PBXFileReference; fileEncoding = 4; lastKnownFileType = text; name = dist; path = React/dist; sourceTree = SOURCE_ROOT; };
		3485664C2B5426A4008EF4DD /* dist */ = {isa = PBXFileReference; lastKnownFileType = folder; name = dist; path = React/dist; sourceTree = "<group>"; };
		3487D3482BC85E5B007C6D7C /* ContentView.swift */ = {isa = PBXFileReference; lastKnownFileType = sourcecode.swift; path = ContentView.swift; sourceTree = "<group>"; };
		34CD17F22B45C5400015EF4C /* NiiVue.app */ = {isa = PBXFileReference; explicitFileType = wrapper.application; includeInIndex = 0; path = NiiVue.app; sourceTree = BUILT_PRODUCTS_DIR; };
		34CD17F52B45C5400015EF4C /* NiiVueApp.swift */ = {isa = PBXFileReference; lastKnownFileType = sourcecode.swift; path = NiiVueApp.swift; sourceTree = "<group>"; };
		34CD17F92B45C5410015EF4C /* Assets.xcassets */ = {isa = PBXFileReference; lastKnownFileType = folder.assetcatalog; path = Assets.xcassets; sourceTree = "<group>"; };
		34CD17FC2B45C5410015EF4C /* Preview Assets.xcassets */ = {isa = PBXFileReference; lastKnownFileType = folder.assetcatalog; path = "Preview Assets.xcassets"; sourceTree = "<group>"; };
		34CD18022B45C5420015EF4C /* NiiVueTests.xctest */ = {isa = PBXFileReference; explicitFileType = wrapper.cfbundle; includeInIndex = 0; path = NiiVueTests.xctest; sourceTree = BUILT_PRODUCTS_DIR; };
		34CD18062B45C5420015EF4C /* NiiVueTests.swift */ = {isa = PBXFileReference; lastKnownFileType = sourcecode.swift; path = NiiVueTests.swift; sourceTree = "<group>"; };
		34CD180C2B45C5420015EF4C /* NiiVueUITests.xctest */ = {isa = PBXFileReference; explicitFileType = wrapper.cfbundle; includeInIndex = 0; path = NiiVueUITests.xctest; sourceTree = BUILT_PRODUCTS_DIR; };
		34CD18102B45C5420015EF4C /* NiiVueUITests.swift */ = {isa = PBXFileReference; lastKnownFileType = sourcecode.swift; path = NiiVueUITests.swift; sourceTree = "<group>"; };
		34CD18122B45C5420015EF4C /* NiiVueUITestsLaunchTests.swift */ = {isa = PBXFileReference; lastKnownFileType = sourcecode.swift; path = NiiVueUITestsLaunchTests.swift; sourceTree = "<group>"; };
/* End PBXFileReference section */

/* Begin PBXFrameworksBuildPhase section */
		34CD17EF2B45C5400015EF4C /* Frameworks */ = {
			isa = PBXFrameworksBuildPhase;
			buildActionMask = 2147483647;
			files = (
			);
			runOnlyForDeploymentPostprocessing = 0;
		};
		34CD17FF2B45C5420015EF4C /* Frameworks */ = {
			isa = PBXFrameworksBuildPhase;
			buildActionMask = 2147483647;
			files = (
			);
			runOnlyForDeploymentPostprocessing = 0;
		};
		34CD18092B45C5420015EF4C /* Frameworks */ = {
			isa = PBXFrameworksBuildPhase;
			buildActionMask = 2147483647;
			files = (
			);
			runOnlyForDeploymentPostprocessing = 0;
		};
/* End PBXFrameworksBuildPhase section */

/* Begin PBXGroup section */
		34CD17E92B45C5400015EF4C = {
			isa = PBXGroup;
			children = (
				3485664C2B5426A4008EF4DD /* dist */,
				34CD17F42B45C5400015EF4C /* NiiVue */,
				34CD18052B45C5420015EF4C /* NiiVueTests */,
				34CD180F2B45C5420015EF4C /* NiiVueUITests */,
				34CD17F32B45C5400015EF4C /* Products */,
			);
			sourceTree = "<group>";
		};
		34CD17F32B45C5400015EF4C /* Products */ = {
			isa = PBXGroup;
			children = (
				34CD17F22B45C5400015EF4C /* NiiVue.app */,
				34CD18022B45C5420015EF4C /* NiiVueTests.xctest */,
				34CD180C2B45C5420015EF4C /* NiiVueUITests.xctest */,
			);
			name = Products;
			sourceTree = "<group>";
		};
		34CD17F42B45C5400015EF4C /* NiiVue */ = {
			isa = PBXGroup;
			children = (
				34CD17F52B45C5400015EF4C /* NiiVueApp.swift */,
				3487D3482BC85E5B007C6D7C /* ContentView.swift */,
				34CD17F92B45C5410015EF4C /* Assets.xcassets */,
				34CD17FB2B45C5410015EF4C /* Preview Content */,
			);
			path = NiiVue;
			sourceTree = "<group>";
		};
		34CD17FB2B45C5410015EF4C /* Preview Content */ = {
			isa = PBXGroup;
			children = (
				34CD17FC2B45C5410015EF4C /* Preview Assets.xcassets */,
			);
			path = "Preview Content";
			sourceTree = "<group>";
		};
		34CD18052B45C5420015EF4C /* NiiVueTests */ = {
			isa = PBXGroup;
			children = (
				34CD18062B45C5420015EF4C /* NiiVueTests.swift */,
			);
			path = NiiVueTests;
			sourceTree = "<group>";
		};
		34CD180F2B45C5420015EF4C /* NiiVueUITests */ = {
			isa = PBXGroup;
			children = (
				348566462B51C95C008EF4DD /* dist */,
				34CD18102B45C5420015EF4C /* NiiVueUITests.swift */,
				34CD18122B45C5420015EF4C /* NiiVueUITestsLaunchTests.swift */,
			);
			path = NiiVueUITests;
			sourceTree = "<group>";
		};
/* End PBXGroup section */

/* Begin PBXNativeTarget section */
		34CD17F12B45C5400015EF4C /* NiiVue */ = {
			isa = PBXNativeTarget;
			buildConfigurationList = 34CD18162B45C5420015EF4C /* Build configuration list for PBXNativeTarget "NiiVue" */;
			buildPhases = (
				348566412B51A4EB008EF4DD /* ShellScript */,
				348566422B51A6E7008EF4DD /* CopyFiles */,
				34CD17EE2B45C5400015EF4C /* Sources */,
				34CD17EF2B45C5400015EF4C /* Frameworks */,
				34CD17F02B45C5400015EF4C /* Resources */,
			);
			buildRules = (
			);
			dependencies = (
			);
			name = NiiVue;
			productName = NiiVue;
			productReference = 34CD17F22B45C5400015EF4C /* NiiVue.app */;
			productType = "com.apple.product-type.application";
		};
		34CD18012B45C5420015EF4C /* NiiVueTests */ = {
			isa = PBXNativeTarget;
			buildConfigurationList = 34CD18192B45C5420015EF4C /* Build configuration list for PBXNativeTarget "NiiVueTests" */;
			buildPhases = (
				34CD17FE2B45C5420015EF4C /* Sources */,
				34CD17FF2B45C5420015EF4C /* Frameworks */,
				34CD18002B45C5420015EF4C /* Resources */,
			);
			buildRules = (
			);
			dependencies = (
				34CD18042B45C5420015EF4C /* PBXTargetDependency */,
			);
			name = NiiVueTests;
			productName = NiiVueTests;
			productReference = 34CD18022B45C5420015EF4C /* NiiVueTests.xctest */;
			productType = "com.apple.product-type.bundle.unit-test";
		};
		34CD180B2B45C5420015EF4C /* NiiVueUITests */ = {
			isa = PBXNativeTarget;
			buildConfigurationList = 34CD181C2B45C5420015EF4C /* Build configuration list for PBXNativeTarget "NiiVueUITests" */;
			buildPhases = (
				34CD18082B45C5420015EF4C /* Sources */,
				34CD18092B45C5420015EF4C /* Frameworks */,
				34CD180A2B45C5420015EF4C /* Resources */,
			);
			buildRules = (
			);
			dependencies = (
				34CD180E2B45C5420015EF4C /* PBXTargetDependency */,
			);
			name = NiiVueUITests;
			productName = NiiVueUITests;
			productReference = 34CD180C2B45C5420015EF4C /* NiiVueUITests.xctest */;
			productType = "com.apple.product-type.bundle.ui-testing";
		};
/* End PBXNativeTarget section */

/* Begin PBXProject section */
		34CD17EA2B45C5400015EF4C /* Project object */ = {
			isa = PBXProject;
			attributes = {
				BuildIndependentTargetsInParallel = 1;
				LastSwiftUpdateCheck = 1430;
				LastUpgradeCheck = 1430;
				TargetAttributes = {
					34CD17F12B45C5400015EF4C = {
						CreatedOnToolsVersion = 14.3.1;
					};
					34CD18012B45C5420015EF4C = {
						CreatedOnToolsVersion = 14.3.1;
						TestTargetID = 34CD17F12B45C5400015EF4C;
					};
					34CD180B2B45C5420015EF4C = {
						CreatedOnToolsVersion = 14.3.1;
						TestTargetID = 34CD17F12B45C5400015EF4C;
					};
				};
			};
			buildConfigurationList = 34CD17ED2B45C5400015EF4C /* Build configuration list for PBXProject "NiiVue" */;
			compatibilityVersion = "Xcode 14.0";
			developmentRegion = en;
			hasScannedForEncodings = 0;
			knownRegions = (
				en,
				Base,
			);
			mainGroup = 34CD17E92B45C5400015EF4C;
			productRefGroup = 34CD17F32B45C5400015EF4C /* Products */;
			projectDirPath = "";
			projectRoot = "";
			targets = (
				34CD17F12B45C5400015EF4C /* NiiVue */,
				34CD18012B45C5420015EF4C /* NiiVueTests */,
				34CD180B2B45C5420015EF4C /* NiiVueUITests */,
			);
		};
/* End PBXProject section */

/* Begin PBXResourcesBuildPhase section */
		34CD17F02B45C5400015EF4C /* Resources */ = {
			isa = PBXResourcesBuildPhase;
			buildActionMask = 2147483647;
			files = (
				34CD17FD2B45C5410015EF4C /* Preview Assets.xcassets in Resources */,
				34CD17FA2B45C5410015EF4C /* Assets.xcassets in Resources */,
			);
			runOnlyForDeploymentPostprocessing = 0;
		};
		34CD18002B45C5420015EF4C /* Resources */ = {
			isa = PBXResourcesBuildPhase;
			buildActionMask = 2147483647;
			files = (
			);
			runOnlyForDeploymentPostprocessing = 0;
		};
		34CD180A2B45C5420015EF4C /* Resources */ = {
			isa = PBXResourcesBuildPhase;
			buildActionMask = 2147483647;
			files = (
			);
			runOnlyForDeploymentPostprocessing = 0;
		};
/* End PBXResourcesBuildPhase section */

/* Begin PBXShellScriptBuildPhase section */
		348566412B51A4EB008EF4DD /* ShellScript */ = {
			isa = PBXShellScriptBuildPhase;
			buildActionMask = 2147483647;
			files = (
			);
			inputFileListPaths = (
			);
			inputPaths = (
			);
			outputFileListPaths = (
			);
			outputPaths = (
			);
			runOnlyForDeploymentPostprocessing = 0;
			shellPath = /bin/sh;
			shellScript = "cd ./React\nnpm run build\n";
		};
/* End PBXShellScriptBuildPhase section */

/* Begin PBXSourcesBuildPhase section */
		34CD17EE2B45C5400015EF4C /* Sources */ = {
			isa = PBXSourcesBuildPhase;
			buildActionMask = 2147483647;
			files = (
				34CD17F62B45C5400015EF4C /* NiiVueApp.swift in Sources */,
				3487D3492BC85E5B007C6D7C /* ContentView.swift in Sources */,
			);
			runOnlyForDeploymentPostprocessing = 0;
		};
		34CD17FE2B45C5420015EF4C /* Sources */ = {
			isa = PBXSourcesBuildPhase;
			buildActionMask = 2147483647;
			files = (
				34CD18072B45C5420015EF4C /* NiiVueTests.swift in Sources */,
			);
			runOnlyForDeploymentPostprocessing = 0;
		};
		34CD18082B45C5420015EF4C /* Sources */ = {
			isa = PBXSourcesBuildPhase;
			buildActionMask = 2147483647;
			files = (
				34CD18132B45C5420015EF4C /* NiiVueUITestsLaunchTests.swift in Sources */,
				34CD18112B45C5420015EF4C /* NiiVueUITests.swift in Sources */,
			);
			runOnlyForDeploymentPostprocessing = 0;
		};
/* End PBXSourcesBuildPhase section */

/* Begin PBXTargetDependency section */
		34CD18042B45C5420015EF4C /* PBXTargetDependency */ = {
			isa = PBXTargetDependency;
			target = 34CD17F12B45C5400015EF4C /* NiiVue */;
			targetProxy = 34CD18032B45C5420015EF4C /* PBXContainerItemProxy */;
		};
		34CD180E2B45C5420015EF4C /* PBXTargetDependency */ = {
			isa = PBXTargetDependency;
			target = 34CD17F12B45C5400015EF4C /* NiiVue */;
			targetProxy = 34CD180D2B45C5420015EF4C /* PBXContainerItemProxy */;
		};
/* End PBXTargetDependency section */

/* Begin XCBuildConfiguration section */
		34CD18142B45C5420015EF4C /* Debug */ = {
			isa = XCBuildConfiguration;
			buildSettings = {
				ALWAYS_SEARCH_USER_PATHS = NO;
				CLANG_ANALYZER_NONNULL = YES;
				CLANG_ANALYZER_NUMBER_OBJECT_CONVERSION = YES_AGGRESSIVE;
				CLANG_CXX_LANGUAGE_STANDARD = "gnu++20";
				CLANG_ENABLE_MODULES = YES;
				CLANG_ENABLE_OBJC_ARC = YES;
				CLANG_ENABLE_OBJC_WEAK = YES;
				CLANG_WARN_BLOCK_CAPTURE_AUTORELEASING = YES;
				CLANG_WARN_BOOL_CONVERSION = YES;
				CLANG_WARN_COMMA = YES;
				CLANG_WARN_CONSTANT_CONVERSION = YES;
				CLANG_WARN_DEPRECATED_OBJC_IMPLEMENTATIONS = YES;
				CLANG_WARN_DIRECT_OBJC_ISA_USAGE = YES_ERROR;
				CLANG_WARN_DOCUMENTATION_COMMENTS = YES;
				CLANG_WARN_EMPTY_BODY = YES;
				CLANG_WARN_ENUM_CONVERSION = YES;
				CLANG_WARN_INFINITE_RECURSION = YES;
				CLANG_WARN_INT_CONVERSION = YES;
				CLANG_WARN_NON_LITERAL_NULL_CONVERSION = YES;
				CLANG_WARN_OBJC_IMPLICIT_RETAIN_SELF = YES;
				CLANG_WARN_OBJC_LITERAL_CONVERSION = YES;
				CLANG_WARN_OBJC_ROOT_CLASS = YES_ERROR;
				CLANG_WARN_QUOTED_INCLUDE_IN_FRAMEWORK_HEADER = YES;
				CLANG_WARN_RANGE_LOOP_ANALYSIS = YES;
				CLANG_WARN_STRICT_PROTOTYPES = YES;
				CLANG_WARN_SUSPICIOUS_MOVE = YES;
				CLANG_WARN_UNGUARDED_AVAILABILITY = YES_AGGRESSIVE;
				CLANG_WARN_UNREACHABLE_CODE = YES;
				CLANG_WARN__DUPLICATE_METHOD_MATCH = YES;
				COPY_PHASE_STRIP = NO;
				DEBUG_INFORMATION_FORMAT = dwarf;
				ENABLE_STRICT_OBJC_MSGSEND = YES;
				ENABLE_TESTABILITY = YES;
				GCC_C_LANGUAGE_STANDARD = gnu11;
				GCC_DYNAMIC_NO_PIC = NO;
				GCC_NO_COMMON_BLOCKS = YES;
				GCC_OPTIMIZATION_LEVEL = 0;
				GCC_PREPROCESSOR_DEFINITIONS = (
					"DEBUG=1",
					"$(inherited)",
				);
				GCC_WARN_64_TO_32_BIT_CONVERSION = YES;
				GCC_WARN_ABOUT_RETURN_TYPE = YES_ERROR;
				GCC_WARN_UNDECLARED_SELECTOR = YES;
				GCC_WARN_UNINITIALIZED_AUTOS = YES_AGGRESSIVE;
				GCC_WARN_UNUSED_FUNCTION = YES;
				GCC_WARN_UNUSED_VARIABLE = YES;
				IPHONEOS_DEPLOYMENT_TARGET = 16.4;
				MTL_ENABLE_DEBUG_INFO = INCLUDE_SOURCE;
				MTL_FAST_MATH = YES;
				ONLY_ACTIVE_ARCH = YES;
				SDKROOT = iphoneos;
				SWIFT_ACTIVE_COMPILATION_CONDITIONS = DEBUG;
				SWIFT_OPTIMIZATION_LEVEL = "-Onone";
			};
			name = Debug;
		};
		34CD18152B45C5420015EF4C /* Release */ = {
			isa = XCBuildConfiguration;
			buildSettings = {
				ALWAYS_SEARCH_USER_PATHS = NO;
				CLANG_ANALYZER_NONNULL = YES;
				CLANG_ANALYZER_NUMBER_OBJECT_CONVERSION = YES_AGGRESSIVE;
				CLANG_CXX_LANGUAGE_STANDARD = "gnu++20";
				CLANG_ENABLE_MODULES = YES;
				CLANG_ENABLE_OBJC_ARC = YES;
				CLANG_ENABLE_OBJC_WEAK = YES;
				CLANG_WARN_BLOCK_CAPTURE_AUTORELEASING = YES;
				CLANG_WARN_BOOL_CONVERSION = YES;
				CLANG_WARN_COMMA = YES;
				CLANG_WARN_CONSTANT_CONVERSION = YES;
				CLANG_WARN_DEPRECATED_OBJC_IMPLEMENTATIONS = YES;
				CLANG_WARN_DIRECT_OBJC_ISA_USAGE = YES_ERROR;
				CLANG_WARN_DOCUMENTATION_COMMENTS = YES;
				CLANG_WARN_EMPTY_BODY = YES;
				CLANG_WARN_ENUM_CONVERSION = YES;
				CLANG_WARN_INFINITE_RECURSION = YES;
				CLANG_WARN_INT_CONVERSION = YES;
				CLANG_WARN_NON_LITERAL_NULL_CONVERSION = YES;
				CLANG_WARN_OBJC_IMPLICIT_RETAIN_SELF = YES;
				CLANG_WARN_OBJC_LITERAL_CONVERSION = YES;
				CLANG_WARN_OBJC_ROOT_CLASS = YES_ERROR;
				CLANG_WARN_QUOTED_INCLUDE_IN_FRAMEWORK_HEADER = YES;
				CLANG_WARN_RANGE_LOOP_ANALYSIS = YES;
				CLANG_WARN_STRICT_PROTOTYPES = YES;
				CLANG_WARN_SUSPICIOUS_MOVE = YES;
				CLANG_WARN_UNGUARDED_AVAILABILITY = YES_AGGRESSIVE;
				CLANG_WARN_UNREACHABLE_CODE = YES;
				CLANG_WARN__DUPLICATE_METHOD_MATCH = YES;
				COPY_PHASE_STRIP = NO;
				DEBUG_INFORMATION_FORMAT = "dwarf-with-dsym";
				ENABLE_NS_ASSERTIONS = NO;
				ENABLE_STRICT_OBJC_MSGSEND = YES;
				GCC_C_LANGUAGE_STANDARD = gnu11;
				GCC_NO_COMMON_BLOCKS = YES;
				GCC_WARN_64_TO_32_BIT_CONVERSION = YES;
				GCC_WARN_ABOUT_RETURN_TYPE = YES_ERROR;
				GCC_WARN_UNDECLARED_SELECTOR = YES;
				GCC_WARN_UNINITIALIZED_AUTOS = YES_AGGRESSIVE;
				GCC_WARN_UNUSED_FUNCTION = YES;
				GCC_WARN_UNUSED_VARIABLE = YES;
				IPHONEOS_DEPLOYMENT_TARGET = 16.4;
				MTL_ENABLE_DEBUG_INFO = NO;
				MTL_FAST_MATH = YES;
				SDKROOT = iphoneos;
				SWIFT_COMPILATION_MODE = wholemodule;
				SWIFT_OPTIMIZATION_LEVEL = "-O";
				VALIDATE_PRODUCT = YES;
			};
			name = Release;
		};
		34CD18172B45C5420015EF4C /* Debug */ = {
			isa = XCBuildConfiguration;
			buildSettings = {
				ASSETCATALOG_COMPILER_APPICON_NAME = AppIcon;
				ASSETCATALOG_COMPILER_GLOBAL_ACCENT_COLOR_NAME = AccentColor;
				CODE_SIGN_STYLE = Automatic;
				CURRENT_PROJECT_VERSION = 1;
				DEVELOPMENT_ASSET_PATHS = "\"NiiVue/Preview Content\"";
				DEVELOPMENT_TEAM = PLJK232T8G;
				ENABLE_PREVIEWS = YES;
				GENERATE_INFOPLIST_FILE = YES;
				INFOPLIST_KEY_UIApplicationSceneManifest_Generation = YES;
				INFOPLIST_KEY_UIApplicationSupportsIndirectInputEvents = YES;
				INFOPLIST_KEY_UILaunchScreen_Generation = YES;
				INFOPLIST_KEY_UISupportedInterfaceOrientations_iPad = "UIInterfaceOrientationPortrait UIInterfaceOrientationPortraitUpsideDown UIInterfaceOrientationLandscapeLeft UIInterfaceOrientationLandscapeRight";
				INFOPLIST_KEY_UISupportedInterfaceOrientations_iPhone = "UIInterfaceOrientationPortrait UIInterfaceOrientationLandscapeLeft UIInterfaceOrientationLandscapeRight";
				LD_RUNPATH_SEARCH_PATHS = (
					"$(inherited)",
					"@executable_path/Frameworks",
				);
				MARKETING_VERSION = 1.0;
				PRODUCT_BUNDLE_IDENTIFIER = com.niivue.NiiVue;
				PRODUCT_NAME = "$(TARGET_NAME)";
				SUPPORTED_PLATFORMS = "iphoneos iphonesimulator";
				SUPPORTS_MACCATALYST = NO;
				SUPPORTS_MAC_DESIGNED_FOR_IPHONE_IPAD = YES;
				SWIFT_EMIT_LOC_STRINGS = YES;
				SWIFT_VERSION = 5.0;
				TARGETED_DEVICE_FAMILY = "1,2";
			};
			name = Debug;
		};
		34CD18182B45C5420015EF4C /* Release */ = {
			isa = XCBuildConfiguration;
			buildSettings = {
				ASSETCATALOG_COMPILER_APPICON_NAME = AppIcon;
				ASSETCATALOG_COMPILER_GLOBAL_ACCENT_COLOR_NAME = AccentColor;
				CODE_SIGN_STYLE = Automatic;
				CURRENT_PROJECT_VERSION = 1;
				DEVELOPMENT_ASSET_PATHS = "\"NiiVue/Preview Content\"";
				DEVELOPMENT_TEAM = PLJK232T8G;
				ENABLE_PREVIEWS = YES;
				GENERATE_INFOPLIST_FILE = YES;
				INFOPLIST_KEY_UIApplicationSceneManifest_Generation = YES;
				INFOPLIST_KEY_UIApplicationSupportsIndirectInputEvents = YES;
				INFOPLIST_KEY_UILaunchScreen_Generation = YES;
				INFOPLIST_KEY_UISupportedInterfaceOrientations_iPad = "UIInterfaceOrientationPortrait UIInterfaceOrientationPortraitUpsideDown UIInterfaceOrientationLandscapeLeft UIInterfaceOrientationLandscapeRight";
				INFOPLIST_KEY_UISupportedInterfaceOrientations_iPhone = "UIInterfaceOrientationPortrait UIInterfaceOrientationLandscapeLeft UIInterfaceOrientationLandscapeRight";
				LD_RUNPATH_SEARCH_PATHS = (
					"$(inherited)",
					"@executable_path/Frameworks",
				);
				MARKETING_VERSION = 1.0;
				PRODUCT_BUNDLE_IDENTIFIER = com.niivue.NiiVue;
				PRODUCT_NAME = "$(TARGET_NAME)";
				SUPPORTED_PLATFORMS = "iphoneos iphonesimulator";
				SUPPORTS_MACCATALYST = NO;
				SUPPORTS_MAC_DESIGNED_FOR_IPHONE_IPAD = YES;
				SWIFT_EMIT_LOC_STRINGS = YES;
				SWIFT_VERSION = 5.0;
				TARGETED_DEVICE_FAMILY = "1,2";
			};
			name = Release;
		};
		34CD181A2B45C5420015EF4C /* Debug */ = {
			isa = XCBuildConfiguration;
			buildSettings = {
				ALWAYS_EMBED_SWIFT_STANDARD_LIBRARIES = YES;
				BUNDLE_LOADER = "$(TEST_HOST)";
				CODE_SIGN_STYLE = Automatic;
				CURRENT_PROJECT_VERSION = 1;
				GENERATE_INFOPLIST_FILE = YES;
				IPHONEOS_DEPLOYMENT_TARGET = 16.4;
				MARKETING_VERSION = 1.0;
				PRODUCT_BUNDLE_IDENTIFIER = com.niivue.NiiVueTests;
				PRODUCT_NAME = "$(TARGET_NAME)";
				SWIFT_EMIT_LOC_STRINGS = NO;
				SWIFT_VERSION = 5.0;
				TARGETED_DEVICE_FAMILY = "1,2";
				TEST_HOST = "$(BUILT_PRODUCTS_DIR)/NiiVue.app/$(BUNDLE_EXECUTABLE_FOLDER_PATH)/NiiVue";
			};
			name = Debug;
		};
		34CD181B2B45C5420015EF4C /* Release */ = {
			isa = XCBuildConfiguration;
			buildSettings = {
				ALWAYS_EMBED_SWIFT_STANDARD_LIBRARIES = YES;
				BUNDLE_LOADER = "$(TEST_HOST)";
				CODE_SIGN_STYLE = Automatic;
				CURRENT_PROJECT_VERSION = 1;
				GENERATE_INFOPLIST_FILE = YES;
				IPHONEOS_DEPLOYMENT_TARGET = 16.4;
				MARKETING_VERSION = 1.0;
				PRODUCT_BUNDLE_IDENTIFIER = com.niivue.NiiVueTests;
				PRODUCT_NAME = "$(TARGET_NAME)";
				SWIFT_EMIT_LOC_STRINGS = NO;
				SWIFT_VERSION = 5.0;
				TARGETED_DEVICE_FAMILY = "1,2";
				TEST_HOST = "$(BUILT_PRODUCTS_DIR)/NiiVue.app/$(BUNDLE_EXECUTABLE_FOLDER_PATH)/NiiVue";
			};
			name = Release;
		};
		34CD181D2B45C5420015EF4C /* Debug */ = {
			isa = XCBuildConfiguration;
			buildSettings = {
				ALWAYS_EMBED_SWIFT_STANDARD_LIBRARIES = YES;
				CODE_SIGN_STYLE = Automatic;
				CURRENT_PROJECT_VERSION = 1;
				GENERATE_INFOPLIST_FILE = YES;
				MARKETING_VERSION = 1.0;
				PRODUCT_BUNDLE_IDENTIFIER = com.niivue.NiiVueUITests;
				PRODUCT_NAME = "$(TARGET_NAME)";
				SWIFT_EMIT_LOC_STRINGS = NO;
				SWIFT_VERSION = 5.0;
				TARGETED_DEVICE_FAMILY = "1,2";
				TEST_TARGET_NAME = NiiVue;
			};
			name = Debug;
		};
		34CD181E2B45C5420015EF4C /* Release */ = {
			isa = XCBuildConfiguration;
			buildSettings = {
				ALWAYS_EMBED_SWIFT_STANDARD_LIBRARIES = YES;
				CODE_SIGN_STYLE = Automatic;
				CURRENT_PROJECT_VERSION = 1;
				GENERATE_INFOPLIST_FILE = YES;
				MARKETING_VERSION = 1.0;
				PRODUCT_BUNDLE_IDENTIFIER = com.niivue.NiiVueUITests;
				PRODUCT_NAME = "$(TARGET_NAME)";
				SWIFT_EMIT_LOC_STRINGS = NO;
				SWIFT_VERSION = 5.0;
				TARGETED_DEVICE_FAMILY = "1,2";
				TEST_TARGET_NAME = NiiVue;
			};
			name = Release;
		};
/* End XCBuildConfiguration section */

/* Begin XCConfigurationList section */
		34CD17ED2B45C5400015EF4C /* Build configuration list for PBXProject "NiiVue" */ = {
			isa = XCConfigurationList;
			buildConfigurations = (
				34CD18142B45C5420015EF4C /* Debug */,
				34CD18152B45C5420015EF4C /* Release */,
			);
			defaultConfigurationIsVisible = 0;
			defaultConfigurationName = Release;
		};
		34CD18162B45C5420015EF4C /* Build configuration list for PBXNativeTarget "NiiVue" */ = {
			isa = XCConfigurationList;
			buildConfigurations = (
				34CD18172B45C5420015EF4C /* Debug */,
				34CD18182B45C5420015EF4C /* Release */,
			);
			defaultConfigurationIsVisible = 0;
			defaultConfigurationName = Release;
		};
		34CD18192B45C5420015EF4C /* Build configuration list for PBXNativeTarget "NiiVueTests" */ = {
			isa = XCConfigurationList;
			buildConfigurations = (
				34CD181A2B45C5420015EF4C /* Debug */,
				34CD181B2B45C5420015EF4C /* Release */,
			);
			defaultConfigurationIsVisible = 0;
			defaultConfigurationName = Release;
		};
		34CD181C2B45C5420015EF4C /* Build configuration list for PBXNativeTarget "NiiVueUITests" */ = {
			isa = XCConfigurationList;
			buildConfigurations = (
				34CD181D2B45C5420015EF4C /* Debug */,
				34CD181E2B45C5420015EF4C /* Release */,
			);
			defaultConfigurationIsVisible = 0;
			defaultConfigurationName = Release;
		};
/* End XCConfigurationList section */
	};
	rootObject = 34CD17EA2B45C5400015EF4C /* Project object */;
}
